
Microsoft Visual Studio Solution File, Format Version 12.00
# Visual Studio 15
VisualStudioVersion = 15.0.28307.1585
MinimumVisualStudioVersion = 10.0.40219.1
Project("{8BC9CEB8-8B4A-11D0-8D11-00A0C91BC942}") = "MyTinySTL", "MyTinySTL\MyTinySTL.vcxproj", "{A54EA726-090F-4D33-BE32-3F3B7D00A030}"
EndProject
Global
	GlobalSection(SolutionConfigurationPlatforms) = preSolution
		Debug|x64 = Debug|x64
		Debug|x86 = Debug|x86
		Release|x64 = Release|x64
		Release|x86 = Release|x86
	EndGlobalSection
	GlobalSection(ProjectConfigurationPlatforms) = postSolution
		{A54EA726-090F-4D33-BE32-3F3B7D00A030}.Debug|x64.ActiveCfg = Debug|x64
		{A54EA726-090F-4D33-BE32-3F3B7D00A030}.Debug|x64.Build.0 = Debug|x64
		{A54EA726-090F-4D33-BE32-3F3B7D00A030}.Debug|x86.ActiveCfg = Debug|Win32
		{A54EA726-090F-4D33-BE32-3F3B7D00A030}.Debug|x86.Build.0 = Debug|Win32
		{A54EA726-090F-4D33-BE32-3F3B7D00A030}.Release|x64.ActiveCfg = Release|x64
		{A54EA726-090F-4D33-BE32-3F3B7D00A030}.Release|x64.Build.0 = Release|x64
		{A54EA726-090F-4D33-BE32-3F3B7D00A030}.Release|x86.ActiveCfg = Release|Win32
		{A54EA726-090F-4D33-BE32-3F3B7D00A030}.Release|x86.Build.0 = Release|Win32
	EndGlobalSection
	GlobalSection(SolutionProperties) = preSolution
		HideSolutionNode = FALSE
	EndGlobalSection
	GlobalSection(ExtensibilityGlobals) = postSolution
		SolutionGuid = {57D1E024-E863-4845-99C5-B95D69A25F41}
	EndGlobalSection
EndGlobal
